# Generated by pub
# See https://dart.dev/tools/pub/glossary#lockfile
packages:
  args:
    dependency: "direct main"
    description:
      name: args
      sha256: d0481093c50b1da8910eb0bb301626d4d8eb7284aa739614d2b394ee09e3ea04
      url: "https://pub.flutter-io.cn"
    source: hosted
    version: "2.7.0"
  characters:
    dependency: transitive
    description:
      name: characters
      sha256: f71061c654a3380576a52b451dd5532377954cf9dbd272a78fc8479606670803
      url: "https://pub.flutter-io.cn"
    source: hosted
    version: "1.4.0"
  collection:
    dependency: transitive
    description:
      name: collection
      sha256: "2f5709ae4d3d59dd8f7cd309b4e023046b57d8a6c82130785d2b0e5868084e76"
      url: "https://pub.flutter-io.cn"
    source: hosted
    version: "1.19.1"
  ffi:
    dependency: transitive
    description:
      name: ffi
      sha256: "289279317b4b16eb2bb7e271abccd4bf84ec9bdcbe999e278a94b804f5630418"
      url: "https://pub.flutter-io.cn"
    source: hosted
    version: "2.1.4"
  flutter:
    dependency: transitive
    description: flutter
    source: sdk
    version: "0.0.0"
  lints:
    dependency: "direct dev"
    description:
      name: lints
      sha256: cbf8d4b858bb0134ef3ef87841abdf8d63bfc255c266b7bf6b39daa1085c4290
      url: "https://pub.flutter-io.cn"
    source: hosted
    version: "3.0.0"
  material_color_utilities:
    dependency: transitive
    description:
      name: material_color_utilities
      sha256: f7142bb1154231d7ea5f96bc7bde4bda2a0945d2806bb11670e30b850d56bdec
      url: "https://pub.flutter-io.cn"
    source: hosted
    version: "0.11.1"
  meta:
    dependency: transitive
    description:
      name: meta
      sha256: e3641ec5d63ebf0d9b41bd43201a66e3fc79a65db5f61fc181f04cd27aab950c
      url: "https://pub.flutter-io.cn"
    source: hosted
    version: "1.16.0"
  path:
    dependency: "direct main"
    description:
      name: path
      sha256: "75cca69d1490965be98c73ceaea117e8a04dd21217b37b292c9ddbec0d955bc5"
      url: "https://pub.flutter-io.cn"
    source: hosted
    version: "1.9.1"
  sherpa_onnx:
    dependency: "direct main"
    description:
      name: sherpa_onnx
      sha256: b49bf4fa0bcec0cfbe676cf7865b46fc191d01c1a37e8ad0d44332e41124d0f8
      url: "https://pub.flutter-io.cn"
    source: hosted
    version: "1.12.17"
  sherpa_onnx_android:
    dependency: transitive
    description:
      name: sherpa_onnx_android
      sha256: aadb9e602064696f1927ca132894bf6fa482dadcf2e755a55203082fcd81c1ce
      url: "https://pub.flutter-io.cn"
    source: hosted
    version: "1.12.17"
  sherpa_onnx_ios:
    dependency: transitive
    description:
      name: sherpa_onnx_ios
      sha256: "6008160138069a850147b74b317ce7b8da17b0632bfa03120b18ba7a8e5ef6ae"
      url: "https://pub.flutter-io.cn"
    source: hosted
    version: "1.12.17"
  sherpa_onnx_linux:
    dependency: transitive
    description:
      name: sherpa_onnx_linux
      sha256: d53aade5e4788130fa65fad440e12ddc44729f8728810007cc3761f270acb794
      url: "https://pub.flutter-io.cn"
    source: hosted
    version: "1.12.17"
  sherpa_onnx_macos:
    dependency: transitive
    description:
      name: sherpa_onnx_macos
      sha256: "9e8b699b5cd1fb1e7343889b2977b3fc64685cdf838e9c602cbcb70d3af3dbd2"
      url: "https://pub.flutter-io.cn"
    source: hosted
    version: "1.12.17"
  sherpa_onnx_windows:
    dependency: transitive
    description:
      name: sherpa_onnx_windows
      sha256: "20629a43fb9abb4ee573bb3993c2f10055a8a13a965956935e9e3fdaaa3173c6"
      url: "https://pub.flutter-io.cn"
    source: hosted
    version: "1.12.17"
  sky_engine:
    dependency: transitive
    description: flutter
    source: sdk
    version: "0.0.0"
  vector_math:
    dependency: transitive
    description:
      name: vector_math
      sha256: "80b3257d1492ce4d091729e3a67a60407d227c27241d6927be0130c98e741803"
      url: "https://pub.flutter-io.cn"
    source: hosted
    version: "2.1.4"
sdks:
  dart: ">=3.7.0 <4.0.0"
  flutter: ">=2.8.1"
